
Microsoft Visual Studio Solution File, Format Version 12.00
# Visual Studio Version 17
VisualStudioVersion = 17.5.33424.131
MinimumVisualStudioVersion = 10.0.40219.1
Project("{FAE04EC0-301F-11D3-BF4B-00C04F79EFBC}") = "BVH.RegTDS", "BVH.RegTDS\BVH.RegTDS.csproj", "{7336E1DD-4729-4909-A19D-3CED7E6A8672}"
EndProject
Global
	GlobalSection(SolutionConfigurationPlatforms) = preSolution
		Debug|Any CPU = Debug|Any CPU
		Release|Any CPU = Release|Any CPU
	EndGlobalSection
	GlobalSection(ProjectConfigurationPlatforms) = postSolution
		{7336E1DD-4729-4909-A19D-3CED7E6A8672}.Debug|Any CPU.ActiveCfg = Debug|Any CPU
		{7336E1DD-4729-4909-A19D-3CED7E6A8672}.Debug|Any CPU.Build.0 = Debug|Any CPU
		{7336E1DD-4729-4909-A19D-3CED7E6A8672}.Release|Any CPU.ActiveCfg = Release|Any CPU
		{7336E1DD-4729-4909-A19D-3CED7E6A8672}.Release|Any CPU.Build.0 = Release|Any CPU
	EndGlobalSection
	GlobalSection(SolutionProperties) = preSolution
		HideSolutionNode = FALSE
	EndGlobalSection
	GlobalSection(ExtensibilityGlobals) = postSolution
		SolutionGuid = {8ED4DF18-7FFD-46DF-8968-C751DEACC2B3}
	EndGlobalSection
EndGlobal
